// !$*UTF8*$!
{
	archiveVersion = 1;
	classes = {
	};
	objectVersion = 55;
	objects = {

/* Begin PBXBuildFile section */
		907F762427AE333900542782 /* Tests_iOS.swift in Sources */ = {isa = PBXBuildFile; fileRef = 907F762327AE333900542782 /* Tests_iOS.swift */; };
		907F762627AE333900542782 /* Tests_iOSLaunchTests.swift in Sources */ = {isa = PBXBuildFile; fileRef = 907F762527AE333900542782 /* Tests_iOSLaunchTests.swift */; };
		907F763027AE333900542782 /* Tests_macOS.swift in Sources */ = {isa = PBXBuildFile; fileRef = 907F762F27AE333900542782 /* Tests_macOS.swift */; };
		907F763227AE333900542782 /* Tests_macOSLaunchTests.swift in Sources */ = {isa = PBXBuildFile; fileRef = 907F763127AE333900542782 /* Tests_macOSLaunchTests.swift */; };
		907F763327AE333900542782 /* playerApp.swift in Sources */ = {isa = PBXBuildFile; fileRef = 907F760B27AE333700542782 /* playerApp.swift */; };
		907F763427AE333900542782 /* playerApp.swift in Sources */ = {isa = PBXBuildFile; fileRef = 907F760B27AE333700542782 /* playerApp.swift */; };
		907F763527AE333900542782 /* ContentView.swift in Sources */ = {isa = PBXBuildFile; fileRef = 907F760C27AE333700542782 /* ContentView.swift */; };
		907F763627AE333900542782 /* ContentView.swift in Sources */ = {isa = PBXBuildFile; fileRef = 907F760C27AE333700542782 /* ContentView.swift */; };
		907F763727AE333900542782 /* Assets.xcassets in Resources */ = {isa = PBXBuildFile; fileRef = 907F760D27AE333900542782 /* Assets.xcassets */; };
		907F763827AE333900542782 /* Assets.xcassets in Resources */ = {isa = PBXBuildFile; fileRef = 907F760D27AE333900542782 /* Assets.xcassets */; };
/* End PBXBuildFile section */

/* Begin PBXContainerItemProxy section */
		907F762027AE333900542782 /* PBXContainerItemProxy */ = {
			isa = PBXContainerItemProxy;
			containerPortal = 907F760627AE333700542782 /* Project object */;
			proxyType = 1;
			remoteGlobalIDString = 907F761127AE333900542782;
			remoteInfo = "player (iOS)";
		};
		907F762C27AE333900542782 /* PBXContainerItemProxy */ = {
			isa = PBXContainerItemProxy;
			containerPortal = 907F760627AE333700542782 /* Project object */;
			proxyType = 1;
			remoteGlobalIDString = 907F761727AE333900542782;
			remoteInfo = "player (macOS)";
		};
/* End PBXContainerItemProxy section */

/* Begin PBXFileReference section */
		907F760B27AE333700542782 /* playerApp.swift */ = {isa = PBXFileReference; lastKnownFileType = sourcecode.swift; path = playerApp.swift; sourceTree = "<group>"; };
		907F760C27AE333700542782 /* ContentView.swift */ = {isa = PBXFileReference; lastKnownFileType = sourcecode.swift; path = ContentView.swift; sourceTree = "<group>"; };
		907F760D27AE333900542782 /* Assets.xcassets */ = {isa = PBXFileReference; lastKnownFileType = folder.assetcatalog; path = Assets.xcassets; sourceTree = "<group>"; };
		907F761227AE333900542782 /* player.app */ = {isa = PBXFileReference; explicitFileType = wrapper.application; includeInIndex = 0; path = player.app; sourceTree = BUILT_PRODUCTS_DIR; };
		907F761827AE333900542782 /* player.app */ = {isa = PBXFileReference; explicitFileType = wrapper.application; includeInIndex = 0; path = player.app; sourceTree = BUILT_PRODUCTS_DIR; };
		907F761A27AE333900542782 /* macOS.entitlements */ = {isa = PBXFileReference; lastKnownFileType = text.plist.entitlements; path = macOS.entitlements; sourceTree = "<group>"; };
		907F761F27AE333900542782 /* Tests iOS.xctest */ = {isa = PBXFileReference; explicitFileType = wrapper.cfbundle; includeInIndex = 0; path = "Tests iOS.xctest"; sourceTree = BUILT_PRODUCTS_DIR; };
		907F762327AE333900542782 /* Tests_iOS.swift */ = {isa = PBXFileReference; lastKnownFileType = sourcecode.swift; path = Tests_iOS.swift; sourceTree = "<group>"; };
		907F762527AE333900542782 /* Tests_iOSLaunchTests.swift */ = {isa = PBXFileReference; lastKnownFileType = sourcecode.swift; path = Tests_iOSLaunchTests.swift; sourceTree = "<group>"; };
		907F762B27AE333900542782 /* Tests macOS.xctest */ = {isa = PBXFileReference; explicitFileType = wrapper.cfbundle; includeInIndex = 0; path = "Tests macOS.xctest"; sourceTree = BUILT_PRODUCTS_DIR; };
		907F762F27AE333900542782 /* Tests_macOS.swift */ = {isa = PBXFileReference; lastKnownFileType = sourcecode.swift; path = Tests_macOS.swift; sourceTree = "<group>"; };
		907F763127AE333900542782 /* Tests_macOSLaunchTests.swift */ = {isa = PBXFileReference; lastKnownFileType = sourcecode.swift; path = Tests_macOSLaunchTests.swift; sourceTree = "<group>"; };
/* End PBXFileReference section */

/* Begin PBXFrameworksBuildPhase section */
		907F760F27AE333900542782 /* Frameworks */ = {
			isa = PBXFrameworksBuildPhase;
			buildActionMask = 2147483647;
			files = (
			);
			runOnlyForDeploymentPostprocessing = 0;
		};
		907F761527AE333900542782 /* Frameworks */ = {
			isa = PBXFrameworksBuildPhase;
			buildActionMask = 2147483647;
			files = (
			);
			runOnlyForDeploymentPostprocessing = 0;
		};
		907F761C27AE333900542782 /* Frameworks */ = {
			isa = PBXFrameworksBuildPhase;
			buildActionMask = 2147483647;
			files = (
			);
			runOnlyForDeploymentPostprocessing = 0;
		};
		907F762827AE333900542782 /* Frameworks */ = {
			isa = PBXFrameworksBuildPhase;
			buildActionMask = 2147483647;
			files = (
			);
			runOnlyForDeploymentPostprocessing = 0;
		};
/* End PBXFrameworksBuildPhase section */

/* Begin PBXGroup section */
		907F760527AE333700542782 = {
			isa = PBXGroup;
			children = (
				907F760A27AE333700542782 /* Shared */,
				907F761927AE333900542782 /* macOS */,
				907F762227AE333900542782 /* Tests iOS */,
				907F762E27AE333900542782 /* Tests macOS */,
				907F761327AE333900542782 /* Products */,
			);
			sourceTree = "<group>";
		};
		907F760A27AE333700542782 /* Shared */ = {
			isa = PBXGroup;
			children = (
				907F760B27AE333700542782 /* playerApp.swift */,
				907F760C27AE333700542782 /* ContentView.swift */,
				907F760D27AE333900542782 /* Assets.xcassets */,
			);
			path = Shared;
			sourceTree = "<group>";
		};
		907F761327AE333900542782 /* Products */ = {
			isa = PBXGroup;
			children = (
				907F761227AE333900542782 /* player.app */,
				907F761827AE333900542782 /* player.app */,
				907F761F27AE333900542782 /* Tests iOS.xctest */,
				907F762B27AE333900542782 /* Tests macOS.xctest */,
			);
			name = Products;
			sourceTree = "<group>";
		};
		907F761927AE333900542782 /* macOS */ = {
			isa = PBXGroup;
			children = (
				907F761A27AE333900542782 /* macOS.entitlements */,
			);
			path = macOS;
			sourceTree = "<group>";
		};
		907F762227AE333900542782 /* Tests iOS */ = {
			isa = PBXGroup;
			children = (
				907F762327AE333900542782 /* Tests_iOS.swift */,
				907F762527AE333900542782 /* Tests_iOSLaunchTests.swift */,
			);
			path = "Tests iOS";
			sourceTree = "<group>";
		};
		907F762E27AE333900542782 /* Tests macOS */ = {
			isa = PBXGroup;
			children = (
				907F762F27AE333900542782 /* Tests_macOS.swift */,
				907F763127AE333900542782 /* Tests_macOSLaunchTests.swift */,
			);
			path = "Tests macOS";
			sourceTree = "<group>";
		};
/* End PBXGroup section */

/* Begin PBXNativeTarget section */
		907F761127AE333900542782 /* player (iOS) */ = {
			isa = PBXNativeTarget;
			buildConfigurationList = 907F763B27AE333900542782 /* Build configuration list for PBXNativeTarget "player (iOS)" */;
			buildPhases = (
				907F760E27AE333900542782 /* Sources */,
				907F760F27AE333900542782 /* Frameworks */,
				907F761027AE333900542782 /* Resources */,
			);
			buildRules = (
			);
			dependencies = (
			);
			name = "player (iOS)";
			productName = "player (iOS)";
			productReference = 907F761227AE333900542782 /* player.app */;
			productType = "com.apple.product-type.application";
		};
		907F761727AE333900542782 /* player (macOS) */ = {
			isa = PBXNativeTarget;
			buildConfigurationList = 907F763E27AE333900542782 /* Build configuration list for PBXNativeTarget "player (macOS)" */;
			buildPhases = (
				907F761427AE333900542782 /* Sources */,
				907F761527AE333900542782 /* Frameworks */,
				907F761627AE333900542782 /* Resources */,
			);
			buildRules = (
			);
			dependencies = (
			);
			name = "player (macOS)";
			productName = "player (macOS)";
			productReference = 907F761827AE333900542782 /* player.app */;
			productType = "com.apple.product-type.application";
		};
		907F761E27AE333900542782 /* Tests iOS */ = {
			isa = PBXNativeTarget;
			buildConfigurationList = 907F764127AE333900542782 /* Build configuration list for PBXNativeTarget "Tests iOS" */;
			buildPhases = (
				907F761B27AE333900542782 /* Sources */,
				907F761C27AE333900542782 /* Frameworks */,
				907F761D27AE333900542782 /* Resources */,
			);
			buildRules = (
			);
			dependencies = (
				907F762127AE333900542782 /* PBXTargetDependency */,
			);
			name = "Tests iOS";
			productName = "Tests iOS";
			productReference = 907F761F27AE333900542782 /* Tests iOS.xctest */;
			productType = "com.apple.product-type.bundle.ui-testing";
		};
		907F762A27AE333900542782 /* Tests macOS */ = {
			isa = PBXNativeTarget;
			buildConfigurationList = 907F764427AE333900542782 /* Build configuration list for PBXNativeTarget "Tests macOS" */;
			buildPhases = (
				907F762727AE333900542782 /* Sources */,
				907F762827AE333900542782 /* Frameworks */,
				907F762927AE333900542782 /* Resources */,
			);
			buildRules = (
			);
			dependencies = (
				907F762D27AE333900542782 /* PBXTargetDependency */,
			);
			name = "Tests macOS";
			productName = "Tests macOS";
			productReference = 907F762B27AE333900542782 /* Tests macOS.xctest */;
			productType = "com.apple.product-type.bundle.ui-testing";
		};
/* End PBXNativeTarget section */

/* Begin PBXProject section */
		907F760627AE333700542782 /* Project object */ = {
			isa = PBXProject;
			attributes = {
				BuildIndependentTargetsInParallel = 1;
				LastSwiftUpdateCheck = 1320;
				LastUpgradeCheck = 1320;
				TargetAttributes = {
					907F761127AE333900542782 = {
						CreatedOnToolsVersion = 13.2.1;
					};
					907F761727AE333900542782 = {
						CreatedOnToolsVersion = 13.2.1;
					};
					907F761E27AE333900542782 = {
						CreatedOnToolsVersion = 13.2.1;
						TestTargetID = 907F761127AE333900542782;
					};
					907F762A27AE333900542782 = {
						CreatedOnToolsVersion = 13.2.1;
						TestTargetID = 907F761727AE333900542782;
					};
				};
			};
			buildConfigurationList = 907F760927AE333700542782 /* Build configuration list for PBXProject "player" */;
			compatibilityVersion = "Xcode 13.0";
			developmentRegion = en;
			hasScannedForEncodings = 0;
			knownRegions = (
				en,
				Base,
			);
			mainGroup = 907F760527AE333700542782;
			productRefGroup = 907F761327AE333900542782 /* Products */;
			projectDirPath = "";
			projectRoot = "";
			targets = (
				907F761127AE333900542782 /* player (iOS) */,
				907F761727AE333900542782 /* player (macOS) */,
				907F761E27AE333900542782 /* Tests iOS */,
				907F762A27AE333900542782 /* Tests macOS */,
			);
		};
/* End PBXProject section */

/* Begin PBXResourcesBuildPhase section */
		907F761027AE333900542782 /* Resources */ = {
			isa = PBXResourcesBuildPhase;
			buildActionMask = 2147483647;
			files = (
				907F763727AE333900542782 /* Assets.xcassets in Resources */,
			);
			runOnlyForDeploymentPostprocessing = 0;
		};
		907F761627AE333900542782 /* Resources */ = {
			isa = PBXResourcesBuildPhase;
			buildActionMask = 2147483647;
			files = (
				907F763827AE333900542782 /* Assets.xcassets in Resources */,
			);
			runOnlyForDeploymentPostprocessing = 0;
		};
		907F761D27AE333900542782 /* Resources */ = {
			isa = PBXResourcesBuildPhase;
			buildActionMask = 2147483647;
			files = (
			);
			runOnlyForDeploymentPostprocessing = 0;
		};
		907F762927AE333900542782 /* Resources */ = {
			isa = PBXResourcesBuildPhase;
			buildActionMask = 2147483647;
			files = (
			);
			runOnlyForDeploymentPostprocessing = 0;
		};
/* End PBXResourcesBuildPhase section */

/* Begin PBXSourcesBuildPhase section */
		907F760E27AE333900542782 /* Sources */ = {
			isa = PBXSourcesBuildPhase;
			buildActionMask = 2147483647;
			files = (
				907F763527AE333900542782 /* ContentView.swift in Sources */,
				907F763327AE333900542782 /* playerApp.swift in Sources */,
			);
			runOnlyForDeploymentPostprocessing = 0;
		};
		907F761427AE333900542782 /* Sources */ = {
			isa = PBXSourcesBuildPhase;
			buildActionMask = 2147483647;
			files = (
				907F763627AE333900542782 /* ContentView.swift in Sources */,
				907F763427AE333900542782 /* playerApp.swift in Sources */,
			);
			runOnlyForDeploymentPostprocessing = 0;
		};
		907F761B27AE333900542782 /* Sources */ = {
			isa = PBXSourcesBuildPhase;
			buildActionMask = 2147483647;
			files = (
				907F762627AE333900542782 /* Tests_iOSLaunchTests.swift in Sources */,
				907F762427AE333900542782 /* Tests_iOS.swift in Sources */,
			);
			runOnlyForDeploymentPostprocessing = 0;
		};
		907F762727AE333900542782 /* Sources */ = {
			isa = PBXSourcesBuildPhase;
			buildActionMask = 2147483647;
			files = (
				907F763227AE333900542782 /* Tests_macOSLaunchTests.swift in Sources */,
				907F763027AE333900542782 /* Tests_macOS.swift in Sources */,
			);
			runOnlyForDeploymentPostprocessing = 0;
		};
/* End PBXSourcesBuildPhase section */

/* Begin PBXTargetDependency section */
		907F762127AE333900542782 /* PBXTargetDependency */ = {
			isa = PBXTargetDependency;
			target = 907F761127AE333900542782 /* player (iOS) */;
			targetProxy = 907F762027AE333900542782 /* PBXContainerItemProxy */;
		};
		907F762D27AE333900542782 /* PBXTargetDependency */ = {
			isa = PBXTargetDependency;
			target = 907F761727AE333900542782 /* player (macOS) */;
			targetProxy = 907F762C27AE333900542782 /* PBXContainerItemProxy */;
		};
/* End PBXTargetDependency section */

/* Begin XCBuildConfiguration section */
		907F763927AE333900542782 /* Debug */ = {
			isa = XCBuildConfiguration;
			buildSettings = {
				ALWAYS_SEARCH_USER_PATHS = NO;
				CLANG_ANALYZER_NONNULL = YES;
				CLANG_ANALYZER_NUMBER_OBJECT_CONVERSION = YES_AGGRESSIVE;
				CLANG_CXX_LANGUAGE_STANDARD = "gnu++17";
				CLANG_CXX_LIBRARY = "libc++";
				CLANG_ENABLE_MODULES = YES;
				CLANG_ENABLE_OBJC_ARC = YES;
				CLANG_ENABLE_OBJC_WEAK = YES;
				CLANG_WARN_BLOCK_CAPTURE_AUTORELEASING = YES;
				CLANG_WARN_BOOL_CONVERSION = YES;
				CLANG_WARN_COMMA = YES;
				CLANG_WARN_CONSTANT_CONVERSION = YES;
				CLANG_WARN_DEPRECATED_OBJC_IMPLEMENTATIONS = YES;
				CLANG_WARN_DIRECT_OBJC_ISA_USAGE = YES_ERROR;
				CLANG_WARN_DOCUMENTATION_COMMENTS = YES;
				CLANG_WARN_EMPTY_BODY = YES;
				CLANG_WARN_ENUM_CONVERSION = YES;
				CLANG_WARN_INFINITE_RECURSION = YES;
				CLANG_WARN_INT_CONVERSION = YES;
				CLANG_WARN_NON_LITERAL_NULL_CONVERSION = YES;
				CLANG_WARN_OBJC_IMPLICIT_RETAIN_SELF = YES;
				CLANG_WARN_OBJC_LITERAL_CONVERSION = YES;
				CLANG_WARN_OBJC_ROOT_CLASS = YES_ERROR;
				CLANG_WARN_QUOTED_INCLUDE_IN_FRAMEWORK_HEADER = YES;
				CLANG_WARN_RANGE_LOOP_ANALYSIS = YES;
				CLANG_WARN_STRICT_PROTOTYPES = YES;
				CLANG_WARN_SUSPICIOUS_MOVE = YES;
				CLANG_WARN_UNGUARDED_AVAILABILITY = YES_AGGRESSIVE;
				CLANG_WARN_UNREACHABLE_CODE = YES;
				CLANG_WARN__DUPLICATE_METHOD_MATCH = YES;
				COPY_PHASE_STRIP = NO;
				DEBUG_INFORMATION_FORMAT = dwarf;
				ENABLE_STRICT_OBJC_MSGSEND = YES;
				ENABLE_TESTABILITY = YES;
				GCC_C_LANGUAGE_STANDARD = gnu11;
				GCC_DYNAMIC_NO_PIC = NO;
				GCC_NO_COMMON_BLOCKS = YES;
				GCC_OPTIMIZATION_LEVEL = 0;
				GCC_PREPROCESSOR_DEFINITIONS = (
					"DEBUG=1",
					"$(inherited)",
				);
				GCC_WARN_64_TO_32_BIT_CONVERSION = YES;
				GCC_WARN_ABOUT_RETURN_TYPE = YES_ERROR;
				GCC_WARN_UNDECLARED_SELECTOR = YES;
				GCC_WARN_UNINITIALIZED_AUTOS = YES_AGGRESSIVE;
				GCC_WARN_UNUSED_FUNCTION = YES;
				GCC_WARN_UNUSED_VARIABLE = YES;
				MTL_ENABLE_DEBUG_INFO = INCLUDE_SOURCE;
				MTL_FAST_MATH = YES;
				ONLY_ACTIVE_ARCH = YES;
				SWIFT_ACTIVE_COMPILATION_CONDITIONS = DEBUG;
				SWIFT_OPTIMIZATION_LEVEL = "-Onone";
			};
			name = Debug;
		};
		907F763A27AE333900542782 /* Release */ = {
			isa = XCBuildConfiguration;
			buildSettings = {
				ALWAYS_SEARCH_USER_PATHS = NO;
				CLANG_ANALYZER_NONNULL = YES;
				CLANG_ANALYZER_NUMBER_OBJECT_CONVERSION = YES_AGGRESSIVE;
				CLANG_CXX_LANGUAGE_STANDARD = "gnu++17";
				CLANG_CXX_LIBRARY = "libc++";
				CLANG_ENABLE_MODULES = YES;
				CLANG_ENABLE_OBJC_ARC = YES;
				CLANG_ENABLE_OBJC_WEAK = YES;
				CLANG_WARN_BLOCK_CAPTURE_AUTORELEASING = YES;
				CLANG_WARN_BOOL_CONVERSION = YES;
				CLANG_WARN_COMMA = YES;
				CLANG_WARN_CONSTANT_CONVERSION = YES;
				CLANG_WARN_DEPRECATED_OBJC_IMPLEMENTATIONS = YES;
				CLANG_WARN_DIRECT_OBJC_ISA_USAGE = YES_ERROR;
				CLANG_WARN_DOCUMENTATION_COMMENTS = YES;
				CLANG_WARN_EMPTY_BODY = YES;
				CLANG_WARN_ENUM_CONVERSION = YES;
				CLANG_WARN_INFINITE_RECURSION = YES;
				CLANG_WARN_INT_CONVERSION = YES;
				CLANG_WARN_NON_LITERAL_NULL_CONVERSION = YES;
				CLANG_WARN_OBJC_IMPLICIT_RETAIN_SELF = YES;
				CLANG_WARN_OBJC_LITERAL_CONVERSION = YES;
				CLANG_WARN_OBJC_ROOT_CLASS = YES_ERROR;
				CLANG_WARN_QUOTED_INCLUDE_IN_FRAMEWORK_HEADER = YES;
				CLANG_WARN_RANGE_LOOP_ANALYSIS = YES;
				CLANG_WARN_STRICT_PROTOTYPES = YES;
				CLANG_WARN_SUSPICIOUS_MOVE = YES;
				CLANG_WARN_UNGUARDED_AVAILABILITY = YES_AGGRESSIVE;
				CLANG_WARN_UNREACHABLE_CODE = YES;
				CLANG_WARN__DUPLICATE_METHOD_MATCH = YES;
				COPY_PHASE_STRIP = NO;
				DEBUG_INFORMATION_FORMAT = "dwarf-with-dsym";
				ENABLE_NS_ASSERTIONS = NO;
				ENABLE_STRICT_OBJC_MSGSEND = YES;
				GCC_C_LANGUAGE_STANDARD = gnu11;
				GCC_NO_COMMON_BLOCKS = YES;
				GCC_WARN_64_TO_32_BIT_CONVERSION = YES;
				GCC_WARN_ABOUT_RETURN_TYPE = YES_ERROR;
				GCC_WARN_UNDECLARED_SELECTOR = YES;
				GCC_WARN_UNINITIALIZED_AUTOS = YES_AGGRESSIVE;
				GCC_WARN_UNUSED_FUNCTION = YES;
				GCC_WARN_UNUSED_VARIABLE = YES;
				MTL_ENABLE_DEBUG_INFO = NO;
				MTL_FAST_MATH = YES;
				SWIFT_COMPILATION_MODE = wholemodule;
				SWIFT_OPTIMIZATION_LEVEL = "-O";
			};
			name = Release;
		};
		907F763C27AE333900542782 /* Debug */ = {
			isa = XCBuildConfiguration;
			buildSettings = {
				ASSETCATALOG_COMPILER_APPICON_NAME = AppIcon;
				ASSETCATALOG_COMPILER_GLOBAL_ACCENT_COLOR_NAME = AccentColor;
				CODE_SIGN_STYLE = Automatic;
				CURRENT_PROJECT_VERSION = 1;
				ENABLE_PREVIEWS = YES;
				GENERATE_INFOPLIST_FILE = YES;
				INFOPLIST_KEY_UIApplicationSceneManifest_Generation = YES;
				INFOPLIST_KEY_UIApplicationSupportsIndirectInputEvents = YES;
				INFOPLIST_KEY_UILaunchScreen_Generation = YES;
				INFOPLIST_KEY_UISupportedInterfaceOrientations_iPad = "UIInterfaceOrientationPortrait UIInterfaceOrientationPortraitUpsideDown UIInterfaceOrientationLandscapeLeft UIInterfaceOrientationLandscapeRight";
				INFOPLIST_KEY_UISupportedInterfaceOrientations_iPhone = "UIInterfaceOrientationPortrait UIInterfaceOrientationLandscapeLeft UIInterfaceOrientationLandscapeRight";
				IPHONEOS_DEPLOYMENT_TARGET = 15.2;
				LD_RUNPATH_SEARCH_PATHS = (
					"$(inherited)",
					"@executable_path/Frameworks",
				);
				MARKETING_VERSION = 1.0;
				PRODUCT_BUNDLE_IDENTIFIER = test.player;
				PRODUCT_NAME = player;
				SDKROOT = iphoneos;
				SWIFT_EMIT_LOC_STRINGS = YES;
				SWIFT_VERSION = 5.0;
				TARGETED_DEVICE_FAMILY = "1,2";
			};
			name = Debug;
		};
		907F763D27AE333900542782 /* Release */ = {
			isa = XCBuildConfiguration;
			buildSettings = {
				ASSETCATALOG_COMPILER_APPICON_NAME = AppIcon;
				ASSETCATALOG_COMPILER_GLOBAL_ACCENT_COLOR_NAME = AccentColor;
				CODE_SIGN_STYLE = Automatic;
				CURRENT_PROJECT_VERSION = 1;
				ENABLE_PREVIEWS = YES;
				GENERATE_INFOPLIST_FILE = YES;
				INFOPLIST_KEY_UIApplicationSceneManifest_Generation = YES;
				INFOPLIST_KEY_UIApplicationSupportsIndirectInputEvents = YES;
				INFOPLIST_KEY_UILaunchScreen_Generation = YES;
				INFOPLIST_KEY_UISupportedInterfaceOrientations_iPad = "UIInterfaceOrientationPortrait UIInterfaceOrientationPortraitUpsideDown UIInterfaceOrientationLandscapeLeft UIInterfaceOrientationLandscapeRight";
				INFOPLIST_KEY_UISupportedInterfaceOrientations_iPhone = "UIInterfaceOrientationPortrait UIInterfaceOrientationLandscapeLeft UIInterfaceOrientationLandscapeRight";
				IPHONEOS_DEPLOYMENT_TARGET = 15.2;
				LD_RUNPATH_SEARCH_PATHS = (
					"$(inherited)",
					"@executable_path/Frameworks",
				);
				MARKETING_VERSION = 1.0;
				PRODUCT_BUNDLE_IDENTIFIER = test.player;
				PRODUCT_NAME = player;
				SDKROOT = iphoneos;
				SWIFT_EMIT_LOC_STRINGS = YES;
				SWIFT_VERSION = 5.0;
				TARGETED_DEVICE_FAMILY = "1,2";
				VALIDATE_PRODUCT = YES;
			};
			name = Release;
		};
		907F763F27AE333900542782 /* Debug */ = {
			isa = XCBuildConfiguration;
			buildSettings = {
				ASSETCATALOG_COMPILER_APPICON_NAME = AppIcon;
				ASSETCATALOG_COMPILER_GLOBAL_ACCENT_COLOR_NAME = AccentColor;
				CODE_SIGN_ENTITLEMENTS = macOS/macOS.entitlements;
				CODE_SIGN_STYLE = Automatic;
				COMBINE_HIDPI_IMAGES = YES;
				CURRENT_PROJECT_VERSION = 1;
				ENABLE_PREVIEWS = YES;
				GENERATE_INFOPLIST_FILE = YES;
				INFOPLIST_KEY_NSHumanReadableCopyright = "";
				LD_RUNPATH_SEARCH_PATHS = (
					"$(inherited)",
					"@executable_path/../Frameworks",
				);
				MACOSX_DEPLOYMENT_TARGET = 11.4;
				MARKETING_VERSION = 1.0;
				PRODUCT_BUNDLE_IDENTIFIER = test.player;
				PRODUCT_NAME = player;
				SDKROOT = macosx;
				SWIFT_EMIT_LOC_STRINGS = YES;
				SWIFT_VERSION = 5.0;
			};
			name = Debug;
		};
		907F764027AE333900542782 /* Release */ = {
			isa = XCBuildConfiguration;
			buildSettings = {
				ASSETCATALOG_COMPILER_APPICON_NAME = AppIcon;
				ASSETCATALOG_COMPILER_GLOBAL_ACCENT_COLOR_NAME = AccentColor;
				CODE_SIGN_ENTITLEMENTS = macOS/macOS.entitlements;
				CODE_SIGN_STYLE = Automatic;
				COMBINE_HIDPI_IMAGES = YES;
				CURRENT_PROJECT_VERSION = 1;
				ENABLE_PREVIEWS = YES;
				GENERATE_INFOPLIST_FILE = YES;
				INFOPLIST_KEY_NSHumanReadableCopyright = "";
				LD_RUNPATH_SEARCH_PATHS = (
					"$(inherited)",
					"@executable_path/../Frameworks",
				);
				MACOSX_DEPLOYMENT_TARGET = 11.4;
				MARKETING_VERSION = 1.0;
				PRODUCT_BUNDLE_IDENTIFIER = test.player;
				PRODUCT_NAME = player;
				SDKROOT = macosx;
				SWIFT_EMIT_LOC_STRINGS = YES;
				SWIFT_VERSION = 5.0;
			};
			name = Release;
		};
		907F764227AE333900542782 /* Debug */ = {
			isa = XCBuildConfiguration;
			buildSettings = {
				ALWAYS_EMBED_SWIFT_STANDARD_LIBRARIES = YES;
				CODE_SIGN_STYLE = Automatic;
				CURRENT_PROJECT_VERSION = 1;
				GENERATE_INFOPLIST_FILE = YES;
				IPHONEOS_DEPLOYMENT_TARGET = 15.2;
				MARKETING_VERSION = 1.0;
				PRODUCT_BUNDLE_IDENTIFIER = "test.Tests-iOS";
				PRODUCT_NAME = "$(TARGET_NAME)";
				SDKROOT = iphoneos;
				SWIFT_EMIT_LOC_STRINGS = NO;
				SWIFT_VERSION = 5.0;
				TARGETED_DEVICE_FAMILY = "1,2";
				TEST_TARGET_NAME = "player (iOS)";
			};
			name = Debug;
		};
		907F764327AE333900542782 /* Release */ = {
			isa = XCBuildConfiguration;
			buildSettings = {
				ALWAYS_EMBED_SWIFT_STANDARD_LIBRARIES = YES;
				CODE_SIGN_STYLE = Automatic;
				CURRENT_PROJECT_VERSION = 1;
				GENERATE_INFOPLIST_FILE = YES;
				IPHONEOS_DEPLOYMENT_TARGET = 15.2;
				MARKETING_VERSION = 1.0;
				PRODUCT_BUNDLE_IDENTIFIER = "test.Tests-iOS";
				PRODUCT_NAME = "$(TARGET_NAME)";
				SDKROOT = iphoneos;
				SWIFT_EMIT_LOC_STRINGS = NO;
				SWIFT_VERSION = 5.0;
				TARGETED_DEVICE_FAMILY = "1,2";
				TEST_TARGET_NAME = "player (iOS)";
				VALIDATE_PRODUCT = YES;
			};
			name = Release;
		};
		907F764527AE333900542782 /* Debug */ = {
			isa = XCBuildConfiguration;
			buildSettings = {
				ALWAYS_EMBED_SWIFT_STANDARD_LIBRARIES = YES;
				CODE_SIGN_STYLE = Automatic;
				CURRENT_PROJECT_VERSION = 1;
				GENERATE_INFOPLIST_FILE = YES;
				MACOSX_DEPLOYMENT_TARGET = 11.4;
				MARKETING_VERSION = 1.0;
				PRODUCT_BUNDLE_IDENTIFIER = "test.Tests-macOS";
				PRODUCT_NAME = "$(TARGET_NAME)";
				SDKROOT = macosx;
				SWIFT_EMIT_LOC_STRINGS = NO;
				SWIFT_VERSION = 5.0;
				TEST_TARGET_NAME = "player (macOS)";
			};
			name = Debug;
		};
		907F764627AE333900542782 /* Release */ = {
			isa = XCBuildConfiguration;
			buildSettings = {
				ALWAYS_EMBED_SWIFT_STANDARD_LIBRARIES = YES;
				CODE_SIGN_STYLE = Automatic;
				CURRENT_PROJECT_VERSION = 1;
				GENERATE_INFOPLIST_FILE = YES;
				MACOSX_DEPLOYMENT_TARGET = 11.4;
				MARKETING_VERSION = 1.0;
				PRODUCT_BUNDLE_IDENTIFIER = "test.Tests-macOS";
				PRODUCT_NAME = "$(TARGET_NAME)";
				SDKROOT = macosx;
				SWIFT_EMIT_LOC_STRINGS = NO;
				SWIFT_VERSION = 5.0;
				TEST_TARGET_NAME = "player (macOS)";
			};
			name = Release;
		};
/* End XCBuildConfiguration section */

/* Begin XCConfigurationList section */
		907F760927AE333700542782 /* Build configuration list for PBXProject "player" */ = {
			isa = XCConfigurationList;
			buildConfigurations = (
				907F763927AE333900542782 /* Debug */,
				907F763A27AE333900542782 /* Release */,
			);
			defaultConfigurationIsVisible = 0;
			defaultConfigurationName = Release;
		};
		907F763B27AE333900542782 /* Build configuration list for PBXNativeTarget "player (iOS)" */ = {
			isa = XCConfigurationList;
			buildConfigurations = (
				907F763C27AE333900542782 /* Debug */,
				907F763D27AE333900542782 /* Release */,
			);
			defaultConfigurationIsVisible = 0;
			defaultConfigurationName = Release;
		};
		907F763E27AE333900542782 /* Build configuration list for PBXNativeTarget "player (macOS)" */ = {
			isa = XCConfigurationList;
			buildConfigurations = (
				907F763F27AE333900542782 /* Debug */,
				907F764027AE333900542782 /* Release */,
			);
			defaultConfigurationIsVisible = 0;
			defaultConfigurationName = Release;
		};
		907F764127AE333900542782 /* Build configuration list for PBXNativeTarget "Tests iOS" */ = {
			isa = XCConfigurationList;
			buildConfigurations = (
				907F764227AE333900542782 /* Debug */,
				907F764327AE333900542782 /* Release */,
			);
			defaultConfigurationIsVisible = 0;
			defaultConfigurationName = Release;
		};
		907F764427AE333900542782 /* Build configuration list for PBXNativeTarget "Tests macOS" */ = {
			isa = XCConfigurationList;
			buildConfigurations = (
				907F764527AE333900542782 /* Debug */,
				907F764627AE333900542782 /* Release */,
			);
			defaultConfigurationIsVisible = 0;
			defaultConfigurationName = Release;
		};
/* End XCConfigurationList section */
	};
	rootObject = 907F760627AE333700542782 /* Project object */;
}
